
Microsoft Visual Studio Solution File, Format Version 12.00
# Visual Studio Version 17
VisualStudioVersion = 17.9.34607.119
MinimumVisualStudioVersion = 10.0.40219.1
Project("{FAE04EC0-301F-11D3-BF4B-00C04F79EFBC}") = "CoffeeMachine.Server", "CoffeeMachine.Server\CoffeeMachine.Server.csproj", "{D75FC68E-BD34-46A4-8A6B-93DE5E3645F6}"
EndProject
Project("{54A90642-561A-4BB1-A94E-469ADEE60C69}") = "coffeemachine.client", "coffeemachine.client\coffeemachine.client.esproj", "{EACBC538-634A-4768-8B33-78759A055919}"
EndProject
Global
	GlobalSection(SolutionConfigurationPlatforms) = preSolution
		Debug|Any CPU = Debug|Any CPU
		Release|Any CPU = Release|Any CPU
	EndGlobalSection
	GlobalSection(ProjectConfigurationPlatforms) = postSolution
		{D75FC68E-BD34-46A4-8A6B-93DE5E3645F6}.Debug|Any CPU.ActiveCfg = Debug|Any CPU
		{D75FC68E-BD34-46A4-8A6B-93DE5E3645F6}.Debug|Any CPU.Build.0 = Debug|Any CPU
		{D75FC68E-BD34-46A4-8A6B-93DE5E3645F6}.Release|Any CPU.ActiveCfg = Release|Any CPU
		{D75FC68E-BD34-46A4-8A6B-93DE5E3645F6}.Release|Any CPU.Build.0 = Release|Any CPU
		{EACBC538-634A-4768-8B33-78759A055919}.Debug|Any CPU.ActiveCfg = Debug|Any CPU
		{EACBC538-634A-4768-8B33-78759A055919}.Debug|Any CPU.Build.0 = Debug|Any CPU
		{EACBC538-634A-4768-8B33-78759A055919}.Debug|Any CPU.Deploy.0 = Debug|Any CPU
		{EACBC538-634A-4768-8B33-78759A055919}.Release|Any CPU.ActiveCfg = Release|Any CPU
		{EACBC538-634A-4768-8B33-78759A055919}.Release|Any CPU.Build.0 = Release|Any CPU
		{EACBC538-634A-4768-8B33-78759A055919}.Release|Any CPU.Deploy.0 = Release|Any CPU
	EndGlobalSection
	GlobalSection(SolutionProperties) = preSolution
		HideSolutionNode = FALSE
	EndGlobalSection
	GlobalSection(ExtensibilityGlobals) = postSolution
		SolutionGuid = {B8E77F2D-9B8A-4965-9CE9-B9C7BCEA72DC}
	EndGlobalSection
EndGlobal
